
Microsoft Visual Studio Solution File, Format Version 12.00
# Visual Studio Version 17
VisualStudioVersion = 17.12.35527.113
MinimumVisualStudioVersion = 10.0.40219.1
Project("{2150E333-8FDC-42A3-9474-1A3956D46DE8}") = "ProductService", "ProductService", "{4CA606E3-CF12-4551-A910-96777300E7E3}"
EndProject
Project("{2150E333-8FDC-42A3-9474-1A3956D46DE8}") = "Core", "Core", "{ADEB1BF9-6D15-4C04-A221-8E6308D9D1C7}"
EndProject
Project("{2150E333-8FDC-42A3-9474-1A3956D46DE8}") = "Infrastructure", "Infrastructure", "{9E11C778-689E-4E72-BE2C-1D8157DC861C}"
EndProject
Project("{2150E333-8FDC-42A3-9474-1A3956D46DE8}") = "Presentation", "Presentation", "{5E8B7C9F-271F-425F-8AF3-C5D4F5A20880}"
EndProject
Project("{FAE04EC0-301F-11D3-BF4B-00C04F79EFBC}") = "ProductService.Domain", "ProductService.Domain\ProductService.Domain.csproj", "{76B1E2FD-CEF7-4513-9018-3C6E794D8B5F}"
EndProject
Project("{FAE04EC0-301F-11D3-BF4B-00C04F79EFBC}") = "ProductService.Application", "ProductService.Application\ProductService.Application.csproj", "{C13EA2EA-8C66-4522-AB50-123031616131}"
EndProject
Project("{FAE04EC0-301F-11D3-BF4B-00C04F79EFBC}") = "ProductService.PostgreSQL", "ProductService.PostgreSQL\ProductService.PostgreSQL.csproj", "{FCB02A5D-13B0-415B-9B63-590447A02ADA}"
EndProject
Project("{FAE04EC0-301F-11D3-BF4B-00C04F79EFBC}") = "ProductService.API", "ProductService.API\ProductService.API.csproj", "{62FEFA46-94CC-4083-95CD-DF2E7CD72603}"
EndProject
Project("{E53339B2-1760-4266-BCC7-CA923CBCF16C}") = "docker-compose", "docker-compose.dcproj", "{A6FAC4F0-EF87-4428-A4D2-ED251B6F754C}"
EndProject
Global
	GlobalSection(SolutionConfigurationPlatforms) = preSolution
		Debug|Any CPU = Debug|Any CPU
		Release|Any CPU = Release|Any CPU
	EndGlobalSection
	GlobalSection(ProjectConfigurationPlatforms) = postSolution
		{76B1E2FD-CEF7-4513-9018-3C6E794D8B5F}.Debug|Any CPU.ActiveCfg = Debug|Any CPU
		{76B1E2FD-CEF7-4513-9018-3C6E794D8B5F}.Debug|Any CPU.Build.0 = Debug|Any CPU
		{76B1E2FD-CEF7-4513-9018-3C6E794D8B5F}.Release|Any CPU.ActiveCfg = Release|Any CPU
		{76B1E2FD-CEF7-4513-9018-3C6E794D8B5F}.Release|Any CPU.Build.0 = Release|Any CPU
		{C13EA2EA-8C66-4522-AB50-123031616131}.Debug|Any CPU.ActiveCfg = Debug|Any CPU
		{C13EA2EA-8C66-4522-AB50-123031616131}.Debug|Any CPU.Build.0 = Debug|Any CPU
		{C13EA2EA-8C66-4522-AB50-123031616131}.Release|Any CPU.ActiveCfg = Release|Any CPU
		{C13EA2EA-8C66-4522-AB50-123031616131}.Release|Any CPU.Build.0 = Release|Any CPU
		{FCB02A5D-13B0-415B-9B63-590447A02ADA}.Debug|Any CPU.ActiveCfg = Debug|Any CPU
		{FCB02A5D-13B0-415B-9B63-590447A02ADA}.Debug|Any CPU.Build.0 = Debug|Any CPU
		{FCB02A5D-13B0-415B-9B63-590447A02ADA}.Release|Any CPU.ActiveCfg = Release|Any CPU
		{FCB02A5D-13B0-415B-9B63-590447A02ADA}.Release|Any CPU.Build.0 = Release|Any CPU
		{62FEFA46-94CC-4083-95CD-DF2E7CD72603}.Debug|Any CPU.ActiveCfg = Debug|Any CPU
		{62FEFA46-94CC-4083-95CD-DF2E7CD72603}.Debug|Any CPU.Build.0 = Debug|Any CPU
		{62FEFA46-94CC-4083-95CD-DF2E7CD72603}.Release|Any CPU.ActiveCfg = Release|Any CPU
		{62FEFA46-94CC-4083-95CD-DF2E7CD72603}.Release|Any CPU.Build.0 = Release|Any CPU
		{A6FAC4F0-EF87-4428-A4D2-ED251B6F754C}.Debug|Any CPU.ActiveCfg = Debug|Any CPU
		{A6FAC4F0-EF87-4428-A4D2-ED251B6F754C}.Debug|Any CPU.Build.0 = Debug|Any CPU
		{A6FAC4F0-EF87-4428-A4D2-ED251B6F754C}.Release|Any CPU.ActiveCfg = Release|Any CPU
		{A6FAC4F0-EF87-4428-A4D2-ED251B6F754C}.Release|Any CPU.Build.0 = Release|Any CPU
	EndGlobalSection
	GlobalSection(SolutionProperties) = preSolution
		HideSolutionNode = FALSE
	EndGlobalSection
	GlobalSection(NestedProjects) = preSolution
		{ADEB1BF9-6D15-4C04-A221-8E6308D9D1C7} = {4CA606E3-CF12-4551-A910-96777300E7E3}
		{9E11C778-689E-4E72-BE2C-1D8157DC861C} = {4CA606E3-CF12-4551-A910-96777300E7E3}
		{5E8B7C9F-271F-425F-8AF3-C5D4F5A20880} = {4CA606E3-CF12-4551-A910-96777300E7E3}
		{76B1E2FD-CEF7-4513-9018-3C6E794D8B5F} = {ADEB1BF9-6D15-4C04-A221-8E6308D9D1C7}
		{C13EA2EA-8C66-4522-AB50-123031616131} = {ADEB1BF9-6D15-4C04-A221-8E6308D9D1C7}
		{FCB02A5D-13B0-415B-9B63-590447A02ADA} = {9E11C778-689E-4E72-BE2C-1D8157DC861C}
		{62FEFA46-94CC-4083-95CD-DF2E7CD72603} = {5E8B7C9F-271F-425F-8AF3-C5D4F5A20880}
	EndGlobalSection
EndGlobal
